
Microsoft Visual Studio Solution File, Format Version 12.00
# Visual Studio Version 17
VisualStudioVersion = 17.7.34018.315
MinimumVisualStudioVersion = 10.0.40219.1
Project("{FAE04EC0-301F-11D3-BF4B-00C04F79EFBC}") = "Parcial2_AP1_Randy_Cobros.Server", "Server\Parcial2_AP1_Randy_Cobros.Server.csproj", "{AE25199D-7E93-4237-8FA5-99ED916754D2}"
EndProject
Project("{FAE04EC0-301F-11D3-BF4B-00C04F79EFBC}") = "Parcial2_AP1_Randy_Cobros.Client", "Client\Parcial2_AP1_Randy_Cobros.Client.csproj", "{0CF699DF-0D95-4DF2-B960-801632159940}"
EndProject
Project("{FAE04EC0-301F-11D3-BF4B-00C04F79EFBC}") = "Parcial2_AP1_Randy_Cobros.Shared", "Shared\Parcial2_AP1_Randy_Cobros.Shared.csproj", "{C8C9567B-1771-414C-8C1D-89A118CF0293}"
EndProject
Global
	GlobalSection(SolutionConfigurationPlatforms) = preSolution
		Debug|Any CPU = Debug|Any CPU
		Release|Any CPU = Release|Any CPU
	EndGlobalSection
	GlobalSection(ProjectConfigurationPlatforms) = postSolution
		{AE25199D-7E93-4237-8FA5-99ED916754D2}.Debug|Any CPU.ActiveCfg = Debug|Any CPU
		{AE25199D-7E93-4237-8FA5-99ED916754D2}.Debug|Any CPU.Build.0 = Debug|Any CPU
		{AE25199D-7E93-4237-8FA5-99ED916754D2}.Release|Any CPU.ActiveCfg = Release|Any CPU
		{AE25199D-7E93-4237-8FA5-99ED916754D2}.Release|Any CPU.Build.0 = Release|Any CPU
		{0CF699DF-0D95-4DF2-B960-801632159940}.Debug|Any CPU.ActiveCfg = Debug|Any CPU
		{0CF699DF-0D95-4DF2-B960-801632159940}.Debug|Any CPU.Build.0 = Debug|Any CPU
		{0CF699DF-0D95-4DF2-B960-801632159940}.Release|Any CPU.ActiveCfg = Release|Any CPU
		{0CF699DF-0D95-4DF2-B960-801632159940}.Release|Any CPU.Build.0 = Release|Any CPU
		{C8C9567B-1771-414C-8C1D-89A118CF0293}.Debug|Any CPU.ActiveCfg = Debug|Any CPU
		{C8C9567B-1771-414C-8C1D-89A118CF0293}.Debug|Any CPU.Build.0 = Debug|Any CPU
		{C8C9567B-1771-414C-8C1D-89A118CF0293}.Release|Any CPU.ActiveCfg = Release|Any CPU
		{C8C9567B-1771-414C-8C1D-89A118CF0293}.Release|Any CPU.Build.0 = Release|Any CPU
	EndGlobalSection
	GlobalSection(SolutionProperties) = preSolution
		HideSolutionNode = FALSE
	EndGlobalSection
	GlobalSection(ExtensibilityGlobals) = postSolution
		SolutionGuid = {1834C5F4-3A2C-4E75-B8FA-F2D686C4B4AA}
	EndGlobalSection
EndGlobal
